
Microsoft Visual Studio Solution File, Format Version 12.00
# Visual Studio Version 17
VisualStudioVersion = 17.2.32616.157
MinimumVisualStudioVersion = 10.0.40219.1
Project("{9A19103F-16F7-4668-BE54-9A1E7A4F7556}") = "Users_Notebook", "Users_Notebook\Users_Notebook.csproj", "{875BB346-CE9D-4BF6-8024-4C3058CEB113}"
EndProject
Project("{00D1A9C2-B5F0-4AF3-8072-F6C62B433612}") = "usersDataBase", "usersDataBase\usersDataBase.sqlproj", "{FF5E7F1E-C5E6-4735-94F8-4AE656BC5309}"
EndProject
Project("{2150E333-8FDC-42A3-9474-1A3956D46DE8}") = "Solution Items", "Solution Items", "{B669A98D-51D4-4DD1-A336-DBD9497CC5D7}"
	ProjectSection(SolutionItems) = preProject
		schema.sql = schema.sql
	EndProjectSection
EndProject
Global
	GlobalSection(SolutionConfigurationPlatforms) = preSolution
		Debug|Any CPU = Debug|Any CPU
		Release|Any CPU = Release|Any CPU
	EndGlobalSection
	GlobalSection(ProjectConfigurationPlatforms) = postSolution
		{875BB346-CE9D-4BF6-8024-4C3058CEB113}.Debug|Any CPU.ActiveCfg = Debug|Any CPU
		{875BB346-CE9D-4BF6-8024-4C3058CEB113}.Debug|Any CPU.Build.0 = Debug|Any CPU
		{875BB346-CE9D-4BF6-8024-4C3058CEB113}.Release|Any CPU.ActiveCfg = Release|Any CPU
		{875BB346-CE9D-4BF6-8024-4C3058CEB113}.Release|Any CPU.Build.0 = Release|Any CPU
		{FF5E7F1E-C5E6-4735-94F8-4AE656BC5309}.Debug|Any CPU.ActiveCfg = Debug|Any CPU
		{FF5E7F1E-C5E6-4735-94F8-4AE656BC5309}.Debug|Any CPU.Build.0 = Debug|Any CPU
		{FF5E7F1E-C5E6-4735-94F8-4AE656BC5309}.Debug|Any CPU.Deploy.0 = Debug|Any CPU
		{FF5E7F1E-C5E6-4735-94F8-4AE656BC5309}.Release|Any CPU.ActiveCfg = Release|Any CPU
		{FF5E7F1E-C5E6-4735-94F8-4AE656BC5309}.Release|Any CPU.Build.0 = Release|Any CPU
		{FF5E7F1E-C5E6-4735-94F8-4AE656BC5309}.Release|Any CPU.Deploy.0 = Release|Any CPU
	EndGlobalSection
	GlobalSection(SolutionProperties) = preSolution
		HideSolutionNode = FALSE
	EndGlobalSection
	GlobalSection(ExtensibilityGlobals) = postSolution
		SolutionGuid = {A7115591-E382-44B2-AFD2-89F4F1D7B492}
	EndGlobalSection
EndGlobal
